
Microsoft Visual Studio Solution File, Format Version 12.00
# Visual Studio 15
VisualStudioVersion = 15.0.27004.2010
MinimumVisualStudioVersion = 10.0.40219.1
Project("{FAE04EC0-301F-11D3-BF4B-00C04F79EFBC}") = "CodingKatas.Tests", "CodingKatas.Tests\CodingKatas.Tests.csproj", "{15B94E11-9330-4D82-92C3-F395E61AE80A}"
EndProject
Project("{FAE04EC0-301F-11D3-BF4B-00C04F79EFBC}") = "KarateChop", "KarateChop\KarateChop.csproj", "{6595021D-6FBE-480B-966B-32829E5FD1F1}"
EndProject
Global
	GlobalSection(SolutionConfigurationPlatforms) = preSolution
		Debug|Any CPU = Debug|Any CPU
		Release|Any CPU = Release|Any CPU
	EndGlobalSection
	GlobalSection(ProjectConfigurationPlatforms) = postSolution
		{15B94E11-9330-4D82-92C3-F395E61AE80A}.Debug|Any CPU.ActiveCfg = Debug|Any CPU
		{15B94E11-9330-4D82-92C3-F395E61AE80A}.Debug|Any CPU.Build.0 = Debug|Any CPU
		{15B94E11-9330-4D82-92C3-F395E61AE80A}.Release|Any CPU.ActiveCfg = Release|Any CPU
		{15B94E11-9330-4D82-92C3-F395E61AE80A}.Release|Any CPU.Build.0 = Release|Any CPU
		{6595021D-6FBE-480B-966B-32829E5FD1F1}.Debug|Any CPU.ActiveCfg = Debug|Any CPU
		{6595021D-6FBE-480B-966B-32829E5FD1F1}.Debug|Any CPU.Build.0 = Debug|Any CPU
		{6595021D-6FBE-480B-966B-32829E5FD1F1}.Release|Any CPU.ActiveCfg = Release|Any CPU
		{6595021D-6FBE-480B-966B-32829E5FD1F1}.Release|Any CPU.Build.0 = Release|Any CPU
	EndGlobalSection
	GlobalSection(SolutionProperties) = preSolution
		HideSolutionNode = FALSE
	EndGlobalSection
	GlobalSection(ExtensibilityGlobals) = postSolution
		SolutionGuid = {F569D902-599B-43D8-B6D7-AE1798496541}
	EndGlobalSection
EndGlobal
